
Microsoft Visual Studio Solution File, Format Version 11.00
# Visual Studio 2010
# SharpDevelop 4.2.1.8805
Project("{FD48973F-F585-4F70-812B-4D0503B36CE9}") = "testscoreavgg", "testscoreavgg.pyproj", "{5C3BFFC0-6E18-48D7-B7DC-F0F4582D0D10}"
EndProject
Global
	GlobalSection(SolutionConfigurationPlatforms) = preSolution
		Debug|x86 = Debug|x86
		Release|x86 = Release|x86
	EndGlobalSection
	GlobalSection(ProjectConfigurationPlatforms) = postSolution
		{5C3BFFC0-6E18-48D7-B7DC-F0F4582D0D10}.Debug|x86.Build.0 = Debug|x86
		{5C3BFFC0-6E18-48D7-B7DC-F0F4582D0D10}.Debug|x86.ActiveCfg = Debug|x86
		{5C3BFFC0-6E18-48D7-B7DC-F0F4582D0D10}.Release|x86.Build.0 = Release|x86
		{5C3BFFC0-6E18-48D7-B7DC-F0F4582D0D10}.Release|x86.ActiveCfg = Release|x86
	EndGlobalSection
EndGlobal
