
Microsoft Visual Studio Solution File, Format Version 11.00
# Visual Studio 2010
# SharpDevelop 4.2.1.8805
Project("{FD48973F-F585-4F70-812B-4D0503B36CE9}") = "paysalarycalc", "paysalarycalc.pyproj", "{35BDED53-39CB-4570-AF9B-8F243C3E7C3B}"
EndProject
Global
	GlobalSection(SolutionConfigurationPlatforms) = preSolution
		Debug|x86 = Debug|x86
		Release|x86 = Release|x86
	EndGlobalSection
	GlobalSection(ProjectConfigurationPlatforms) = postSolution
		{35BDED53-39CB-4570-AF9B-8F243C3E7C3B}.Debug|x86.Build.0 = Debug|x86
		{35BDED53-39CB-4570-AF9B-8F243C3E7C3B}.Debug|x86.ActiveCfg = Debug|x86
		{35BDED53-39CB-4570-AF9B-8F243C3E7C3B}.Release|x86.Build.0 = Release|x86
		{35BDED53-39CB-4570-AF9B-8F243C3E7C3B}.Release|x86.ActiveCfg = Release|x86
	EndGlobalSection
EndGlobal
