
Microsoft Visual Studio Solution File, Format Version 11.00
# Visual Studio 2010
# SharpDevelop 4.2.1.8805
Project("{FD48973F-F585-4F70-812B-4D0503B36CE9}") = "prog122c", "prog122c.pyproj", "{6F403A1B-70DA-47EE-BEE9-E61530101A9A}"
EndProject
Global
	GlobalSection(SolutionConfigurationPlatforms) = preSolution
		Debug|x86 = Debug|x86
		Release|x86 = Release|x86
	EndGlobalSection
	GlobalSection(ProjectConfigurationPlatforms) = postSolution
		{6F403A1B-70DA-47EE-BEE9-E61530101A9A}.Debug|x86.Build.0 = Debug|x86
		{6F403A1B-70DA-47EE-BEE9-E61530101A9A}.Debug|x86.ActiveCfg = Debug|x86
		{6F403A1B-70DA-47EE-BEE9-E61530101A9A}.Release|x86.Build.0 = Release|x86
		{6F403A1B-70DA-47EE-BEE9-E61530101A9A}.Release|x86.ActiveCfg = Release|x86
	EndGlobalSection
EndGlobal
